// !$*UTF8*$!
{
	archiveVersion = 1;
	classes = {
	};
	objectVersion = 46;
	objects = {

/* Begin PBXBuildFile section */
		060C07E31DAEE8E600753181 /* GoogleConstants.swift in Sources */ = {isa = PBXBuildFile; fileRef = 060C07E21DAEE8E600753181 /* GoogleConstants.swift */; };
		060C07E51DAF2A8700753181 /* GoodReadsConstants.swift in Sources */ = {isa = PBXBuildFile; fileRef = 060C07E41DAF2A8700753181 /* GoodReadsConstants.swift */; };
		0652480B1D8CACF5005BF834 /* GoogleClient.swift in Sources */ = {isa = PBXBuildFile; fileRef = 0652480A1D8CACF5005BF834 /* GoogleClient.swift */; };
		065248141D8F7AD1005BF834 /* LoveTableViewController.swift in Sources */ = {isa = PBXBuildFile; fileRef = 065248131D8F7AD1005BF834 /* LoveTableViewController.swift */; };
		065248181D8F88AF005BF834 /* Model.xcdatamodeld in Sources */ = {isa = PBXBuildFile; fileRef = 065248161D8F88AF005BF834 /* Model.xcdatamodeld */; };
		0652481B1D8F8B07005BF834 /* Book+CoreDataProperties.swift in Sources */ = {isa = PBXBuildFile; fileRef = 065248191D8F8B07005BF834 /* Book+CoreDataProperties.swift */; };
		0652481C1D8F8B07005BF834 /* Book.swift in Sources */ = {isa = PBXBuildFile; fileRef = 0652481A1D8F8B07005BF834 /* Book.swift */; };
		0652481E1D8F8B34005BF834 /* CoreDataStack.swift in Sources */ = {isa = PBXBuildFile; fileRef = 0652481D1D8F8B34005BF834 /* CoreDataStack.swift */; };
		06BB22891DAD98FF0005493E /* North.otf in Resources */ = {isa = PBXBuildFile; fileRef = 06BB22881DAD98FF0005493E /* North.otf */; };
		06BB228B1DADD4B00005493E /* GrandHotel-Regular.otf in Resources */ = {isa = PBXBuildFile; fileRef = 06BB228A1DADD4B00005493E /* GrandHotel-Regular.otf */; };
		06BC79A11D8B939100B9D1FA /* AppDelegate.swift in Sources */ = {isa = PBXBuildFile; fileRef = 06BC79A01D8B939100B9D1FA /* AppDelegate.swift */; };
		06BC79A31D8B939100B9D1FA /* ScannerViewController.swift in Sources */ = {isa = PBXBuildFile; fileRef = 06BC79A21D8B939100B9D1FA /* ScannerViewController.swift */; };
		06BC79A61D8B939100B9D1FA /* Main.storyboard in Resources */ = {isa = PBXBuildFile; fileRef = 06BC79A41D8B939100B9D1FA /* Main.storyboard */; };
		06BC79A81D8B939100B9D1FA /* Assets.xcassets in Resources */ = {isa = PBXBuildFile; fileRef = 06BC79A71D8B939100B9D1FA /* Assets.xcassets */; };
		06BC79AB1D8B939100B9D1FA /* LaunchScreen.storyboard in Resources */ = {isa = PBXBuildFile; fileRef = 06BC79A91D8B939100B9D1FA /* LaunchScreen.storyboard */; };
		06BC79B61D8B939100B9D1FA /* ReadersRecommendTests.swift in Sources */ = {isa = PBXBuildFile; fileRef = 06BC79B51D8B939100B9D1FA /* ReadersRecommendTests.swift */; };
		06BC79C11D8B939100B9D1FA /* ReadersRecommendUITests.swift in Sources */ = {isa = PBXBuildFile; fileRef = 06BC79C01D8B939100B9D1FA /* ReadersRecommendUITests.swift */; };
		06BC79D41D8CA53900B9D1FA /* ResultsViewController.swift in Sources */ = {isa = PBXBuildFile; fileRef = 06BC79D31D8CA53800B9D1FA /* ResultsViewController.swift */; };
/* End PBXBuildFile section */

/* Begin PBXContainerItemProxy section */
		06BC79B21D8B939100B9D1FA /* PBXContainerItemProxy */ = {
			isa = PBXContainerItemProxy;
			containerPortal = 06BC79951D8B939100B9D1FA /* Project object */;
			proxyType = 1;
			remoteGlobalIDString = 06BC799C1D8B939100B9D1FA;
			remoteInfo = ReadersRecommend;
		};
		06BC79BD1D8B939100B9D1FA /* PBXContainerItemProxy */ = {
			isa = PBXContainerItemProxy;
			containerPortal = 06BC79951D8B939100B9D1FA /* Project object */;
			proxyType = 1;
			remoteGlobalIDString = 06BC799C1D8B939100B9D1FA;
			remoteInfo = ReadersRecommend;
		};
/* End PBXContainerItemProxy section */

/* Begin PBXFileReference section */
		060C07E21DAEE8E600753181 /* GoogleConstants.swift */ = {isa = PBXFileReference; fileEncoding = 4; lastKnownFileType = sourcecode.swift; path = GoogleConstants.swift; sourceTree = "<group>"; };
		060C07E41DAF2A8700753181 /* GoodReadsConstants.swift */ = {isa = PBXFileReference; fileEncoding = 4; lastKnownFileType = sourcecode.swift; path = GoodReadsConstants.swift; sourceTree = "<group>"; };
		0652480A1D8CACF5005BF834 /* GoogleClient.swift */ = {isa = PBXFileReference; fileEncoding = 4; lastKnownFileType = sourcecode.swift; path = GoogleClient.swift; sourceTree = "<group>"; };
		065248131D8F7AD1005BF834 /* LoveTableViewController.swift */ = {isa = PBXFileReference; fileEncoding = 4; lastKnownFileType = sourcecode.swift; path = LoveTableViewController.swift; sourceTree = "<group>"; };
		065248171D8F88AF005BF834 /* Model.xcdatamodel */ = {isa = PBXFileReference; lastKnownFileType = wrapper.xcdatamodel; path = Model.xcdatamodel; sourceTree = "<group>"; };
		065248191D8F8B07005BF834 /* Book+CoreDataProperties.swift */ = {isa = PBXFileReference; fileEncoding = 4; lastKnownFileType = sourcecode.swift; name = "Book+CoreDataProperties.swift"; path = "../Book+CoreDataProperties.swift"; sourceTree = "<group>"; };
		0652481A1D8F8B07005BF834 /* Book.swift */ = {isa = PBXFileReference; fileEncoding = 4; lastKnownFileType = sourcecode.swift; name = Book.swift; path = ../Book.swift; sourceTree = "<group>"; };
		0652481D1D8F8B34005BF834 /* CoreDataStack.swift */ = {isa = PBXFileReference; fileEncoding = 4; lastKnownFileType = sourcecode.swift; path = CoreDataStack.swift; sourceTree = "<group>"; };
		06BB22881DAD98FF0005493E /* North.otf */ = {isa = PBXFileReference; lastKnownFileType = file; path = North.otf; sourceTree = "<group>"; };
		06BB228A1DADD4B00005493E /* GrandHotel-Regular.otf */ = {isa = PBXFileReference; lastKnownFileType = file; path = "GrandHotel-Regular.otf"; sourceTree = "<group>"; };
		06BC799D1D8B939100B9D1FA /* ReadersRecommend.app */ = {isa = PBXFileReference; explicitFileType = wrapper.application; includeInIndex = 0; path = ReadersRecommend.app; sourceTree = BUILT_PRODUCTS_DIR; };
		06BC79A01D8B939100B9D1FA /* AppDelegate.swift */ = {isa = PBXFileReference; lastKnownFileType = sourcecode.swift; path = AppDelegate.swift; sourceTree = "<group>"; };
		06BC79A21D8B939100B9D1FA /* ScannerViewController.swift */ = {isa = PBXFileReference; lastKnownFileType = sourcecode.swift; path = ScannerViewController.swift; sourceTree = "<group>"; };
		06BC79A51D8B939100B9D1FA /* Base */ = {isa = PBXFileReference; lastKnownFileType = file.storyboard; name = Base; path = Base.lproj/Main.storyboard; sourceTree = "<group>"; };
		06BC79A71D8B939100B9D1FA /* Assets.xcassets */ = {isa = PBXFileReference; lastKnownFileType = folder.assetcatalog; path = Assets.xcassets; sourceTree = "<group>"; };
		06BC79AA1D8B939100B9D1FA /* Base */ = {isa = PBXFileReference; lastKnownFileType = file.storyboard; name = Base; path = Base.lproj/LaunchScreen.storyboard; sourceTree = "<group>"; };
		06BC79AC1D8B939100B9D1FA /* Info.plist */ = {isa = PBXFileReference; lastKnownFileType = text.plist.xml; path = Info.plist; sourceTree = "<group>"; };
		06BC79B11D8B939100B9D1FA /* ReadersRecommendTests.xctest */ = {isa = PBXFileReference; explicitFileType = wrapper.cfbundle; includeInIndex = 0; path = ReadersRecommendTests.xctest; sourceTree = BUILT_PRODUCTS_DIR; };
		06BC79B51D8B939100B9D1FA /* ReadersRecommendTests.swift */ = {isa = PBXFileReference; lastKnownFileType = sourcecode.swift; path = ReadersRecommendTests.swift; sourceTree = "<group>"; };
		06BC79B71D8B939100B9D1FA /* Info.plist */ = {isa = PBXFileReference; lastKnownFileType = text.plist.xml; path = Info.plist; sourceTree = "<group>"; };
		06BC79BC1D8B939100B9D1FA /* ReadersRecommendUITests.xctest */ = {isa = PBXFileReference; explicitFileType = wrapper.cfbundle; includeInIndex = 0; path = ReadersRecommendUITests.xctest; sourceTree = BUILT_PRODUCTS_DIR; };
		06BC79C01D8B939100B9D1FA /* ReadersRecommendUITests.swift */ = {isa = PBXFileReference; lastKnownFileType = sourcecode.swift; path = ReadersRecommendUITests.swift; sourceTree = "<group>"; };
		06BC79C21D8B939100B9D1FA /* Info.plist */ = {isa = PBXFileReference; lastKnownFileType = text.plist.xml; path = Info.plist; sourceTree = "<group>"; };
		06BC79D31D8CA53800B9D1FA /* ResultsViewController.swift */ = {isa = PBXFileReference; fileEncoding = 4; lastKnownFileType = sourcecode.swift; path = ResultsViewController.swift; sourceTree = "<group>"; };
/* End PBXFileReference section */

/* Begin PBXFrameworksBuildPhase section */
		06BC799A1D8B939100B9D1FA /* Frameworks */ = {
			isa = PBXFrameworksBuildPhase;
			buildActionMask = 2147483647;
			files = (
			);
			runOnlyForDeploymentPostprocessing = 0;
		};
		06BC79AE1D8B939100B9D1FA /* Frameworks */ = {
			isa = PBXFrameworksBuildPhase;
			buildActionMask = 2147483647;
			files = (
			);
			runOnlyForDeploymentPostprocessing = 0;
		};
		06BC79B91D8B939100B9D1FA /* Frameworks */ = {
			isa = PBXFrameworksBuildPhase;
			buildActionMask = 2147483647;
			files = (
			);
			runOnlyForDeploymentPostprocessing = 0;
		};
/* End PBXFrameworksBuildPhase section */

/* Begin PBXGroup section */
		060C07E61DAF2A8B00753181 /* GoodReads */ = {
			isa = PBXGroup;
			children = (
				060C07E41DAF2A8700753181 /* GoodReadsConstants.swift */,
			);
			name = GoodReads;
			sourceTree = "<group>";
		};
		065248081D8CACCC005BF834 /* Clients */ = {
			isa = PBXGroup;
			children = (
				060C07E61DAF2A8B00753181 /* GoodReads */,
				065248091D8CACD4005BF834 /* Google */,
			);
			name = Clients;
			sourceTree = "<group>";
		};
		065248091D8CACD4005BF834 /* Google */ = {
			isa = PBXGroup;
			children = (
				0652480A1D8CACF5005BF834 /* GoogleClient.swift */,
				060C07E21DAEE8E600753181 /* GoogleConstants.swift */,
			);
			name = Google;
			sourceTree = "<group>";
		};
		065248151D8F827A005BF834 /* Assets */ = {
			isa = PBXGroup;
			children = (
				06BC79A41D8B939100B9D1FA /* Main.storyboard */,
				06BC79A91D8B939100B9D1FA /* LaunchScreen.storyboard */,
				06BC79AC1D8B939100B9D1FA /* Info.plist */,
				06BC79A71D8B939100B9D1FA /* Assets.xcassets */,
				06BB228A1DADD4B00005493E /* GrandHotel-Regular.otf */,
				06BB22881DAD98FF0005493E /* North.otf */,
			);
			name = Assets;
			sourceTree = "<group>";
		};
		06BC79941D8B939100B9D1FA = {
			isa = PBXGroup;
			children = (
				06BC799F1D8B939100B9D1FA /* ReadersRecommend */,
				06BC79B41D8B939100B9D1FA /* ReadersRecommendTests */,
				06BC79BF1D8B939100B9D1FA /* ReadersRecommendUITests */,
				06BC799E1D8B939100B9D1FA /* Products */,
			);
			sourceTree = "<group>";
		};
		06BC799E1D8B939100B9D1FA /* Products */ = {
			isa = PBXGroup;
			children = (
				06BC799D1D8B939100B9D1FA /* ReadersRecommend.app */,
				06BC79B11D8B939100B9D1FA /* ReadersRecommendTests.xctest */,
				06BC79BC1D8B939100B9D1FA /* ReadersRecommendUITests.xctest */,
			);
			name = Products;
			sourceTree = "<group>";
		};
		06BC799F1D8B939100B9D1FA /* ReadersRecommend */ = {
			isa = PBXGroup;
			children = (
				06BC79A01D8B939100B9D1FA /* AppDelegate.swift */,
				06BC79D01D8B93A500B9D1FA /* Model */,
				06BC79CF1D8B93A200B9D1FA /* View */,
				06BC79CE1D8B939E00B9D1FA /* Controller */,
				065248151D8F827A005BF834 /* Assets */,
			);
			path = ReadersRecommend;
			sourceTree = "<group>";
		};
		06BC79B41D8B939100B9D1FA /* ReadersRecommendTests */ = {
			isa = PBXGroup;
			children = (
				06BC79B51D8B939100B9D1FA /* ReadersRecommendTests.swift */,
				06BC79B71D8B939100B9D1FA /* Info.plist */,
			);
			path = ReadersRecommendTests;
			sourceTree = "<group>";
		};
		06BC79BF1D8B939100B9D1FA /* ReadersRecommendUITests */ = {
			isa = PBXGroup;
			children = (
				06BC79C01D8B939100B9D1FA /* ReadersRecommendUITests.swift */,
				06BC79C21D8B939100B9D1FA /* Info.plist */,
			);
			path = ReadersRecommendUITests;
			sourceTree = "<group>";
		};
		06BC79CE1D8B939E00B9D1FA /* Controller */ = {
			isa = PBXGroup;
			children = (
				06BC79A21D8B939100B9D1FA /* ScannerViewController.swift */,
				06BC79D31D8CA53800B9D1FA /* ResultsViewController.swift */,
				065248131D8F7AD1005BF834 /* LoveTableViewController.swift */,
			);
			name = Controller;
			sourceTree = "<group>";
		};
		06BC79CF1D8B93A200B9D1FA /* View */ = {
			isa = PBXGroup;
			children = (
			);
			name = View;
			sourceTree = "<group>";
		};
		06BC79D01D8B93A500B9D1FA /* Model */ = {
			isa = PBXGroup;
			children = (
				0652481D1D8F8B34005BF834 /* CoreDataStack.swift */,
				065248161D8F88AF005BF834 /* Model.xcdatamodeld */,
				065248191D8F8B07005BF834 /* Book+CoreDataProperties.swift */,
				0652481A1D8F8B07005BF834 /* Book.swift */,
				065248081D8CACCC005BF834 /* Clients */,
			);
			name = Model;
			sourceTree = "<group>";
		};
/* End PBXGroup section */

/* Begin PBXNativeTarget section */
		06BC799C1D8B939100B9D1FA /* ReadersRecommend */ = {
			isa = PBXNativeTarget;
			buildConfigurationList = 06BC79C51D8B939100B9D1FA /* Build configuration list for PBXNativeTarget "ReadersRecommend" */;
			buildPhases = (
				06BC79991D8B939100B9D1FA /* Sources */,
				06BC799A1D8B939100B9D1FA /* Frameworks */,
				06BC799B1D8B939100B9D1FA /* Resources */,
			);
			buildRules = (
			);
			dependencies = (
			);
			name = ReadersRecommend;
			productName = ReadersRecommend;
			productReference = 06BC799D1D8B939100B9D1FA /* ReadersRecommend.app */;
			productType = "com.apple.product-type.application";
		};
		06BC79B01D8B939100B9D1FA /* ReadersRecommendTests */ = {
			isa = PBXNativeTarget;
			buildConfigurationList = 06BC79C81D8B939100B9D1FA /* Build configuration list for PBXNativeTarget "ReadersRecommendTests" */;
			buildPhases = (
				06BC79AD1D8B939100B9D1FA /* Sources */,
				06BC79AE1D8B939100B9D1FA /* Frameworks */,
				06BC79AF1D8B939100B9D1FA /* Resources */,
			);
			buildRules = (
			);
			dependencies = (
				06BC79B31D8B939100B9D1FA /* PBXTargetDependency */,
			);
			name = ReadersRecommendTests;
			productName = ReadersRecommendTests;
			productReference = 06BC79B11D8B939100B9D1FA /* ReadersRecommendTests.xctest */;
			productType = "com.apple.product-type.bundle.unit-test";
		};
		06BC79BB1D8B939100B9D1FA /* ReadersRecommendUITests */ = {
			isa = PBXNativeTarget;
			buildConfigurationList = 06BC79CB1D8B939100B9D1FA /* Build configuration list for PBXNativeTarget "ReadersRecommendUITests" */;
			buildPhases = (
				06BC79B81D8B939100B9D1FA /* Sources */,
				06BC79B91D8B939100B9D1FA /* Frameworks */,
				06BC79BA1D8B939100B9D1FA /* Resources */,
			);
			buildRules = (
			);
			dependencies = (
				06BC79BE1D8B939100B9D1FA /* PBXTargetDependency */,
			);
			name = ReadersRecommendUITests;
			productName = ReadersRecommendUITests;
			productReference = 06BC79BC1D8B939100B9D1FA /* ReadersRecommendUITests.xctest */;
			productType = "com.apple.product-type.bundle.ui-testing";
		};
/* End PBXNativeTarget section */

/* Begin PBXProject section */
		06BC79951D8B939100B9D1FA /* Project object */ = {
			isa = PBXProject;
			attributes = {
				LastSwiftUpdateCheck = 0730;
				LastUpgradeCheck = 0730;
				ORGANIZATIONNAME = Murphy;
				TargetAttributes = {
					06BC799C1D8B939100B9D1FA = {
						CreatedOnToolsVersion = 7.3.1;
						DevelopmentTeam = 4QSNEZYJQD;
						LastSwiftMigration = 0800;
					};
					06BC79B01D8B939100B9D1FA = {
						CreatedOnToolsVersion = 7.3.1;
						LastSwiftMigration = 0800;
						TestTargetID = 06BC799C1D8B939100B9D1FA;
					};
					06BC79BB1D8B939100B9D1FA = {
						CreatedOnToolsVersion = 7.3.1;
						LastSwiftMigration = 0800;
						TestTargetID = 06BC799C1D8B939100B9D1FA;
					};
				};
			};
			buildConfigurationList = 06BC79981D8B939100B9D1FA /* Build configuration list for PBXProject "a" */;
			compatibilityVersion = "Xcode 3.2";
			developmentRegion = English;
			hasScannedForEncodings = 0;
			knownRegions = (
				en,
				Base,
			);
			mainGroup = 06BC79941D8B939100B9D1FA;
			productRefGroup = 06BC799E1D8B939100B9D1FA /* Products */;
			projectDirPath = "";
			projectRoot = "";
			targets = (
				06BC799C1D8B939100B9D1FA /* ReadersRecommend */,
				06BC79B01D8B939100B9D1FA /* ReadersRecommendTests */,
				06BC79BB1D8B939100B9D1FA /* ReadersRecommendUITests */,
			);
		};
/* End PBXProject section */

/* Begin PBXResourcesBuildPhase section */
		06BC799B1D8B939100B9D1FA /* Resources */ = {
			isa = PBXResourcesBuildPhase;
			buildActionMask = 2147483647;
			files = (
				06BC79AB1D8B939100B9D1FA /* LaunchScreen.storyboard in Resources */,
				06BC79A81D8B939100B9D1FA /* Assets.xcassets in Resources */,
				06BC79A61D8B939100B9D1FA /* Main.storyboard in Resources */,
				06BB22891DAD98FF0005493E /* North.otf in Resources */,
				06BB228B1DADD4B00005493E /* GrandHotel-Regular.otf in Resources */,
			);
			runOnlyForDeploymentPostprocessing = 0;
		};
		06BC79AF1D8B939100B9D1FA /* Resources */ = {
			isa = PBXResourcesBuildPhase;
			buildActionMask = 2147483647;
			files = (
			);
			runOnlyForDeploymentPostprocessing = 0;
		};
		06BC79BA1D8B939100B9D1FA /* Resources */ = {
			isa = PBXResourcesBuildPhase;
			buildActionMask = 2147483647;
			files = (
			);
			runOnlyForDeploymentPostprocessing = 0;
		};
/* End PBXResourcesBuildPhase section */

/* Begin PBXSourcesBuildPhase section */
		06BC79991D8B939100B9D1FA /* Sources */ = {
			isa = PBXSourcesBuildPhase;
			buildActionMask = 2147483647;
			files = (
				065248141D8F7AD1005BF834 /* LoveTableViewController.swift in Sources */,
				06BC79A31D8B939100B9D1FA /* ScannerViewController.swift in Sources */,
				0652480B1D8CACF5005BF834 /* GoogleClient.swift in Sources */,
				060C07E51DAF2A8700753181 /* GoodReadsConstants.swift in Sources */,
				0652481E1D8F8B34005BF834 /* CoreDataStack.swift in Sources */,
				060C07E31DAEE8E600753181 /* GoogleConstants.swift in Sources */,
				0652481C1D8F8B07005BF834 /* Book.swift in Sources */,
				06BC79A11D8B939100B9D1FA /* AppDelegate.swift in Sources */,
				065248181D8F88AF005BF834 /* Model.xcdatamodeld in Sources */,
				06BC79D41D8CA53900B9D1FA /* ResultsViewController.swift in Sources */,
				0652481B1D8F8B07005BF834 /* Book+CoreDataProperties.swift in Sources */,
			);
			runOnlyForDeploymentPostprocessing = 0;
		};
		06BC79AD1D8B939100B9D1FA /* Sources */ = {
			isa = PBXSourcesBuildPhase;
			buildActionMask = 2147483647;
			files = (
				06BC79B61D8B939100B9D1FA /* ReadersRecommendTests.swift in Sources */,
			);
			runOnlyForDeploymentPostprocessing = 0;
		};
		06BC79B81D8B939100B9D1FA /* Sources */ = {
			isa = PBXSourcesBuildPhase;
			buildActionMask = 2147483647;
			files = (
				06BC79C11D8B939100B9D1FA /* ReadersRecommendUITests.swift in Sources */,
			);
			runOnlyForDeploymentPostprocessing = 0;
		};
/* End PBXSourcesBuildPhase section */

/* Begin PBXTargetDependency section */
		06BC79B31D8B939100B9D1FA /* PBXTargetDependency */ = {
			isa = PBXTargetDependency;
			target = 06BC799C1D8B939100B9D1FA /* ReadersRecommend */;
			targetProxy = 06BC79B21D8B939100B9D1FA /* PBXContainerItemProxy */;
		};
		06BC79BE1D8B939100B9D1FA /* PBXTargetDependency */ = {
			isa = PBXTargetDependency;
			target = 06BC799C1D8B939100B9D1FA /* ReadersRecommend */;
			targetProxy = 06BC79BD1D8B939100B9D1FA /* PBXContainerItemProxy */;
		};
/* End PBXTargetDependency section */

/* Begin PBXVariantGroup section */
		06BC79A41D8B939100B9D1FA /* Main.storyboard */ = {
			isa = PBXVariantGroup;
			children = (
				06BC79A51D8B939100B9D1FA /* Base */,
			);
			name = Main.storyboard;
			sourceTree = "<group>";
		};
		06BC79A91D8B939100B9D1FA /* LaunchScreen.storyboard */ = {
			isa = PBXVariantGroup;
			children = (
				06BC79AA1D8B939100B9D1FA /* Base */,
			);
			name = LaunchScreen.storyboard;
			sourceTree = "<group>";
		};
/* End PBXVariantGroup section */

/* Begin XCBuildConfiguration section */
		06BC79C31D8B939100B9D1FA /* Debug */ = {
			isa = XCBuildConfiguration;
			buildSettings = {
				ALWAYS_SEARCH_USER_PATHS = NO;
				CLANG_ANALYZER_NONNULL = YES;
				CLANG_CXX_LANGUAGE_STANDARD = "gnu++0x";
				CLANG_CXX_LIBRARY = "libc++";
				CLANG_ENABLE_MODULES = YES;
				CLANG_ENABLE_OBJC_ARC = YES;
				CLANG_WARN_BOOL_CONVERSION = YES;
				CLANG_WARN_CONSTANT_CONVERSION = YES;
				CLANG_WARN_DIRECT_OBJC_ISA_USAGE = YES_ERROR;
				CLANG_WARN_EMPTY_BODY = YES;
				CLANG_WARN_ENUM_CONVERSION = YES;
				CLANG_WARN_INT_CONVERSION = YES;
				CLANG_WARN_OBJC_ROOT_CLASS = YES_ERROR;
				CLANG_WARN_UNREACHABLE_CODE = YES;
				CLANG_WARN__DUPLICATE_METHOD_MATCH = YES;
				"CODE_SIGN_IDENTITY[sdk=iphoneos*]" = "iPhone Developer";
				COPY_PHASE_STRIP = NO;
				DEBUG_INFORMATION_FORMAT = dwarf;
				ENABLE_STRICT_OBJC_MSGSEND = YES;
				ENABLE_TESTABILITY = YES;
				GCC_C_LANGUAGE_STANDARD = gnu99;
				GCC_DYNAMIC_NO_PIC = NO;
				GCC_NO_COMMON_BLOCKS = YES;
				GCC_OPTIMIZATION_LEVEL = 0;
				GCC_PREPROCESSOR_DEFINITIONS = (
					"DEBUG=1",
					"$(inherited)",
				);
				GCC_WARN_64_TO_32_BIT_CONVERSION = YES;
				GCC_WARN_ABOUT_RETURN_TYPE = YES_ERROR;
				GCC_WARN_UNDECLARED_SELECTOR = YES;
				GCC_WARN_UNINITIALIZED_AUTOS = YES_AGGRESSIVE;
				GCC_WARN_UNUSED_FUNCTION = YES;
				GCC_WARN_UNUSED_VARIABLE = YES;
				IPHONEOS_DEPLOYMENT_TARGET = 9.3;
				MTL_ENABLE_DEBUG_INFO = YES;
				ONLY_ACTIVE_ARCH = YES;
				SDKROOT = iphoneos;
				SWIFT_OPTIMIZATION_LEVEL = "-Onone";
				TARGETED_DEVICE_FAMILY = "1,2";
			};
			name = Debug;
		};
		06BC79C41D8B939100B9D1FA /* Release */ = {
			isa = XCBuildConfiguration;
			buildSettings = {
				ALWAYS_SEARCH_USER_PATHS = NO;
				CLANG_ANALYZER_NONNULL = YES;
				CLANG_CXX_LANGUAGE_STANDARD = "gnu++0x";
				CLANG_CXX_LIBRARY = "libc++";
				CLANG_ENABLE_MODULES = YES;
				CLANG_ENABLE_OBJC_ARC = YES;
				CLANG_WARN_BOOL_CONVERSION = YES;
				CLANG_WARN_CONSTANT_CONVERSION = YES;
				CLANG_WARN_DIRECT_OBJC_ISA_USAGE = YES_ERROR;
				CLANG_WARN_EMPTY_BODY = YES;
				CLANG_WARN_ENUM_CONVERSION = YES;
				CLANG_WARN_INT_CONVERSION = YES;
				CLANG_WARN_OBJC_ROOT_CLASS = YES_ERROR;
				CLANG_WARN_UNREACHABLE_CODE = YES;
				CLANG_WARN__DUPLICATE_METHOD_MATCH = YES;
				"CODE_SIGN_IDENTITY[sdk=iphoneos*]" = "iPhone Developer";
				COPY_PHASE_STRIP = NO;
				DEBUG_INFORMATION_FORMAT = "dwarf-with-dsym";
				ENABLE_NS_ASSERTIONS = NO;
				ENABLE_STRICT_OBJC_MSGSEND = YES;
				GCC_C_LANGUAGE_STANDARD = gnu99;
				GCC_NO_COMMON_BLOCKS = YES;
				GCC_WARN_64_TO_32_BIT_CONVERSION = YES;
				GCC_WARN_ABOUT_RETURN_TYPE = YES_ERROR;
				GCC_WARN_UNDECLARED_SELECTOR = YES;
				GCC_WARN_UNINITIALIZED_AUTOS = YES_AGGRESSIVE;
				GCC_WARN_UNUSED_FUNCTION = YES;
				GCC_WARN_UNUSED_VARIABLE = YES;
				IPHONEOS_DEPLOYMENT_TARGET = 9.3;
				MTL_ENABLE_DEBUG_INFO = NO;
				SDKROOT = iphoneos;
				TARGETED_DEVICE_FAMILY = "1,2";
				VALIDATE_PRODUCT = YES;
			};
			name = Release;
		};
		06BC79C61D8B939100B9D1FA /* Debug */ = {
			isa = XCBuildConfiguration;
			buildSettings = {
				ASSETCATALOG_COMPILER_APPICON_NAME = AppIcon;
				CODE_SIGN_IDENTITY = "iPhone Developer";
				"CODE_SIGN_IDENTITY[sdk=iphoneos*]" = "iPhone Developer";
				DEVELOPMENT_TEAM = 4QSNEZYJQD;
				INFOPLIST_FILE = ReadersRecommend/Info.plist;
				LD_RUNPATH_SEARCH_PATHS = "$(inherited) @executable_path/Frameworks";
				PRODUCT_BUNDLE_IDENTIFIER = Murphy.ReadersRecommend;
				PRODUCT_NAME = "$(TARGET_NAME)";
				PROVISIONING_PROFILE = "";
				SWIFT_VERSION = 2.3;
			};
			name = Debug;
		};
		06BC79C71D8B939100B9D1FA /* Release */ = {
			isa = XCBuildConfiguration;
			buildSettings = {
				ASSETCATALOG_COMPILER_APPICON_NAME = AppIcon;
				CODE_SIGN_IDENTITY = "iPhone Developer";
				"CODE_SIGN_IDENTITY[sdk=iphoneos*]" = "iPhone Developer";
				DEVELOPMENT_TEAM = 4QSNEZYJQD;
				INFOPLIST_FILE = ReadersRecommend/Info.plist;
				LD_RUNPATH_SEARCH_PATHS = "$(inherited) @executable_path/Frameworks";
				PRODUCT_BUNDLE_IDENTIFIER = Murphy.ReadersRecommend;
				PRODUCT_NAME = "$(TARGET_NAME)";
				PROVISIONING_PROFILE = "";
				SWIFT_VERSION = 2.3;
			};
			name = Release;
		};
		06BC79C91D8B939100B9D1FA /* Debug */ = {
			isa = XCBuildConfiguration;
			buildSettings = {
				BUNDLE_LOADER = "$(TEST_HOST)";
				INFOPLIST_FILE = ReadersRecommendTests/Info.plist;
				LD_RUNPATH_SEARCH_PATHS = "$(inherited) @executable_path/Frameworks @loader_path/Frameworks";
				PRODUCT_BUNDLE_IDENTIFIER = Murphy.ReadersRecommendTests;
				PRODUCT_NAME = "$(TARGET_NAME)";
				SWIFT_VERSION = 2.3;
				TEST_HOST = "$(BUILT_PRODUCTS_DIR)/ReadersRecommend.app/ReadersRecommend";
			};
			name = Debug;
		};
		06BC79CA1D8B939100B9D1FA /* Release */ = {
			isa = XCBuildConfiguration;
			buildSettings = {
				BUNDLE_LOADER = "$(TEST_HOST)";
				INFOPLIST_FILE = ReadersRecommendTests/Info.plist;
				LD_RUNPATH_SEARCH_PATHS = "$(inherited) @executable_path/Frameworks @loader_path/Frameworks";
				PRODUCT_BUNDLE_IDENTIFIER = Murphy.ReadersRecommendTests;
				PRODUCT_NAME = "$(TARGET_NAME)";
				SWIFT_VERSION = 2.3;
				TEST_HOST = "$(BUILT_PRODUCTS_DIR)/ReadersRecommend.app/ReadersRecommend";
			};
			name = Release;
		};
		06BC79CC1D8B939100B9D1FA /* Debug */ = {
			isa = XCBuildConfiguration;
			buildSettings = {
				INFOPLIST_FILE = ReadersRecommendUITests/Info.plist;
				LD_RUNPATH_SEARCH_PATHS = "$(inherited) @executable_path/Frameworks @loader_path/Frameworks";
				PRODUCT_BUNDLE_IDENTIFIER = Murphy.ReadersRecommendUITests;
				PRODUCT_NAME = "$(TARGET_NAME)";
				SWIFT_VERSION = 2.3;
				TEST_TARGET_NAME = ReadersRecommend;
			};
			name = Debug;
		};
		06BC79CD1D8B939100B9D1FA /* Release */ = {
			isa = XCBuildConfiguration;
			buildSettings = {
				INFOPLIST_FILE = ReadersRecommendUITests/Info.plist;
				LD_RUNPATH_SEARCH_PATHS = "$(inherited) @executable_path/Frameworks @loader_path/Frameworks";
				PRODUCT_BUNDLE_IDENTIFIER = Murphy.ReadersRecommendUITests;
				PRODUCT_NAME = "$(TARGET_NAME)";
				SWIFT_VERSION = 2.3;
				TEST_TARGET_NAME = ReadersRecommend;
			};
			name = Release;
		};
/* End XCBuildConfiguration section */

/* Begin XCConfigurationList section */
		06BC79981D8B939100B9D1FA /* Build configuration list for PBXProject "a" */ = {
			isa = XCConfigurationList;
			buildConfigurations = (
				06BC79C31D8B939100B9D1FA /* Debug */,
				06BC79C41D8B939100B9D1FA /* Release */,
			);
			defaultConfigurationIsVisible = 0;
			defaultConfigurationName = Release;
		};
		06BC79C51D8B939100B9D1FA /* Build configuration list for PBXNativeTarget "ReadersRecommend" */ = {
			isa = XCConfigurationList;
			buildConfigurations = (
				06BC79C61D8B939100B9D1FA /* Debug */,
				06BC79C71D8B939100B9D1FA /* Release */,
			);
			defaultConfigurationIsVisible = 0;
			defaultConfigurationName = Release;
		};
		06BC79C81D8B939100B9D1FA /* Build configuration list for PBXNativeTarget "ReadersRecommendTests" */ = {
			isa = XCConfigurationList;
			buildConfigurations = (
				06BC79C91D8B939100B9D1FA /* Debug */,
				06BC79CA1D8B939100B9D1FA /* Release */,
			);
			defaultConfigurationIsVisible = 0;
			defaultConfigurationName = Release;
		};
		06BC79CB1D8B939100B9D1FA /* Build configuration list for PBXNativeTarget "ReadersRecommendUITests" */ = {
			isa = XCConfigurationList;
			buildConfigurations = (
				06BC79CC1D8B939100B9D1FA /* Debug */,
				06BC79CD1D8B939100B9D1FA /* Release */,
			);
			defaultConfigurationIsVisible = 0;
			defaultConfigurationName = Release;
		};
/* End XCConfigurationList section */

/* Begin XCVersionGroup section */
		065248161D8F88AF005BF834 /* Model.xcdatamodeld */ = {
			isa = XCVersionGroup;
			children = (
				065248171D8F88AF005BF834 /* Model.xcdatamodel */,
			);
			currentVersion = 065248171D8F88AF005BF834 /* Model.xcdatamodel */;
			path = Model.xcdatamodeld;
			sourceTree = "<group>";
			versionGroupType = wrapper.xcdatamodel;
		};
/* End XCVersionGroup section */
	};
	rootObject = 06BC79951D8B939100B9D1FA /* Project object */;
}
